lockfileVersion: 5.3

specifiers:
  cnd: 9.2.1
  guy-test: 4.1.0
  intertype: ^7.6.7
  interval-skip-list: ^2.0.1
  multimix006modern: ^0.0.6

dependencies:
  cnd: 9.2.1
  intertype: 7.6.7
  interval-skip-list: 2.0.1
  multimix006modern: 0.0.6

devDependencies:
  guy-test: 4.1.0

packages:

  /async/3.2.0:
    resolution: {integrity: sha512-TR2mEZFVOj2pLStYxLht7TyfuRzaydfpxr3k9RpHIzMgw7A64dzsdqCxH1WJyQdoe8T10nDXd9wnEigmiuHIZw==}
    dev: true

  /cnd/9.2.1:
    resolution: {integrity: sha512-JszZtSlOCxkIvNPKpw1PmIcQUjYO+pBqVoKVH2STHLtG4JHHJ1NHowv39lhyxzlPxUTZk7pZ3qO7CfrfJ8ZSKw==}
    hasBin: true

  /guy-test/4.1.0:
    resolution: {integrity: sha512-SlqymC5lfTdGREzAJN00ZDVmZy9lytHLyTAewZptOmyxA0ux7dHpVUM6rbjkWkmnYlH+01d4McBeiyjYV7wcPw==}
    dependencies:
      async: 3.2.0
      cnd: 9.2.1
      intertype: 7.6.7
    dev: true

  /intertype/7.6.7:
    resolution: {integrity: sha512-vBgYabqxX3fLa9f0Z3QeXgYszadAGdAHXdLcdQc5ZxZSG5CmbJCdYcudZLYtgmNo8epQag8zzyg7wwx+OD5J8g==}
    dependencies:
      multimix: 5.0.0

  /interval-skip-list/2.0.1:
    resolution: {integrity: sha1-qKqxayP4D3gGQN4VuhWcu8LjgDU=}
    dependencies:
      underscore-plus: 1.7.0
    dev: false

  /multimix/5.0.0:
    resolution: {integrity: sha512-N9cdGSDDD7kxOV7R6e4iZqsHTZ4F4iiSDWqMcVqx4gEH6HBtRXav39Gj3fgT1YqvBcwPCQuf0Oa5R2cDaLWK8A==}

  /multimix006modern/0.0.6:
    resolution: {integrity: sha512-r7Kfb/jZtgEj8EuVnqIsHydQ0u+rNdo2zUFOTSQ/bBpUnZsJkAQj4/8t+/fXpDlzKpN1LckkghV4WsL84DQpTQ==}
    dependencies:
      cnd: 9.2.1
      intertype: 7.6.7
    dev: false

  /underscore-plus/1.7.0:
    resolution: {integrity: sha512-A3BEzkeicFLnr+U/Q3EyWwJAQPbA19mtZZ4h+lLq3ttm9kn8WC4R3YpuJZEXmWdLjYP47Zc8aLZm9kwdv+zzvA==}
    dependencies:
      underscore: 1.13.1
    dev: false

  /underscore/1.13.1:
    resolution: {integrity: sha512-hzSoAVtJF+3ZtiFX0VgfFPHEDRm7Y/QPjGyNo4TVdnDTdft3tr8hEkD25a1jC+TjTuE7tkHGKkhwCgs9dgBB2g==}
    dev: false
